
Microsoft Visual Studio Solution File, Format Version 12.00
# Visual Studio 15
VisualStudioVersion = 15.0.26730.16
MinimumVisualStudioVersion = 10.0.40219.1
Project("{FAE04EC0-301F-11D3-BF4B-00C04F79EFBC}") = "MootIT.Processo.API", "MootIT.Processo.API\MootIT.Processo.API.csproj", "{F06FFD46-97C2-4ACE-99A1-6C1C203C48A1}"
EndProject
Project("{FAE04EC0-301F-11D3-BF4B-00C04F79EFBC}") = "MootIT.Processo.Core", "MootIT.Processo.Core\MootIT.Processo.Core.csproj", "{C6FB166D-77D0-4CB2-BEB9-70F2D831A573}"
EndProject
Project("{FAE04EC0-301F-11D3-BF4B-00C04F79EFBC}") = "MootIT.Processo.Repositorio", "MootIT.Processo.Repositorio\MootIT.Processo.Repositorio.csproj", "{25FE4CBD-AD55-4FCD-A3AC-F3C0EC54E03C}"
EndProject
Project("{FAE04EC0-301F-11D3-BF4B-00C04F79EFBC}") = "MootIt.Processo.Teste", "MootIt.Processo.Teste\MootIt.Processo.Teste.csproj", "{AE981B81-3680-4C61-82B6-72B21DB61078}"
EndProject
Global
	GlobalSection(SolutionConfigurationPlatforms) = preSolution
		Debug|Any CPU = Debug|Any CPU
		Release|Any CPU = Release|Any CPU
	EndGlobalSection
	GlobalSection(ProjectConfigurationPlatforms) = postSolution
		{F06FFD46-97C2-4ACE-99A1-6C1C203C48A1}.Debug|Any CPU.ActiveCfg = Debug|Any CPU
		{F06FFD46-97C2-4ACE-99A1-6C1C203C48A1}.Debug|Any CPU.Build.0 = Debug|Any CPU
		{F06FFD46-97C2-4ACE-99A1-6C1C203C48A1}.Release|Any CPU.ActiveCfg = Release|Any CPU
		{F06FFD46-97C2-4ACE-99A1-6C1C203C48A1}.Release|Any CPU.Build.0 = Release|Any CPU
		{C6FB166D-77D0-4CB2-BEB9-70F2D831A573}.Debug|Any CPU.ActiveCfg = Debug|Any CPU
		{C6FB166D-77D0-4CB2-BEB9-70F2D831A573}.Debug|Any CPU.Build.0 = Debug|Any CPU
		{C6FB166D-77D0-4CB2-BEB9-70F2D831A573}.Release|Any CPU.ActiveCfg = Release|Any CPU
		{C6FB166D-77D0-4CB2-BEB9-70F2D831A573}.Release|Any CPU.Build.0 = Release|Any CPU
		{25FE4CBD-AD55-4FCD-A3AC-F3C0EC54E03C}.Debug|Any CPU.ActiveCfg = Debug|Any CPU
		{25FE4CBD-AD55-4FCD-A3AC-F3C0EC54E03C}.Debug|Any CPU.Build.0 = Debug|Any CPU
		{25FE4CBD-AD55-4FCD-A3AC-F3C0EC54E03C}.Release|Any CPU.ActiveCfg = Release|Any CPU
		{25FE4CBD-AD55-4FCD-A3AC-F3C0EC54E03C}.Release|Any CPU.Build.0 = Release|Any CPU
		{AE981B81-3680-4C61-82B6-72B21DB61078}.Debug|Any CPU.ActiveCfg = Debug|Any CPU
		{AE981B81-3680-4C61-82B6-72B21DB61078}.Debug|Any CPU.Build.0 = Debug|Any CPU
		{AE981B81-3680-4C61-82B6-72B21DB61078}.Release|Any CPU.ActiveCfg = Release|Any CPU
		{AE981B81-3680-4C61-82B6-72B21DB61078}.Release|Any CPU.Build.0 = Release|Any CPU
	EndGlobalSection
	GlobalSection(SolutionProperties) = preSolution
		HideSolutionNode = FALSE
	EndGlobalSection
	GlobalSection(ExtensibilityGlobals) = postSolution
		SolutionGuid = {4FEF112E-AD4A-446D-B5F7-A40155A2D327}
	EndGlobalSection
EndGlobal
